{
    "_meta": {
        "hash": {
            "sha256": "1274708e75b67881abc11d0ec6fe8aceacc94e93272270c215e3f4d48c7aed8a"
        },
        "pipfile-spec": 6,
        "requires": {},
        "sources": [
            {
                "name": "pypi",
                "url": "https://pypi.python.org/simple",
                "verify_ssl": true
            }
        ]
    },
    "default": {
        "attrs": {
            "hashes": [
                "sha256:69c0dbf2ed392de1cb5ec704444b08a5ef81680a61cb899dc08127123af36a79",
                "sha256:f0b870f674851ecbfbbbd364d6b5cbdff9dcedbc7f3f5e18a6891057f21fe399"
            ],
            "index": "pypi",
            "version": "==19.1.0"
        },
        "bottle": {
            "hashes": [
                "sha256:9c310da61e7df2b6ac257d8a90811899ccb3a9743e77e947101072a2e3186726",
                "sha256:ca43beafbdccabbe31b758a4f34d1e44985a9b9539516775208b2b0f903eafa0"
            ],
            "index": "pypi",
            "version": "==0.12.16"
        },
        "certifi": {
            "hashes": [
                "sha256:017c25db2a153ce562900032d5bc68e9f191e44e9a0f762f373977de9df1fbb3",
                "sha256:25b64c7da4cd7479594d035c08c2d809eb4aab3a26e5a990ea98cc450c320f1f"
            ],
            "version": "==2019.11.28"
        },
        "chardet": {
            "hashes": [
                "sha256:84ab92ed1c4d4f16916e05906b6b75a6c0fb5db821cc65e70cbd64a3e2a5eaae",
                "sha256:fc323ffcaeaed0e0a02bf4d117757b98aed530d9ed4531e3e15460124c106691"
            ],
            "version": "==3.0.4"
        },
        "click": {
            "hashes": [
                "sha256:2335065e6395b9e67ca716de5f7526736bfa6ceead690adf616d925bdc622b13",
                "sha256:5b94b49521f6456670fdb30cd82a4eca9412788a93fa6dd6df72c94d5a8ff2d7"
            ],
            "index": "pypi",
            "version": "==7.0"
        },
        "contextlib2": {
            "hashes": [
                "sha256:509f9419ee91cdd00ba34443217d5ca51f5a364a404e1dce9e8979cea969ca48",
                "sha256:f5260a6e679d2ff42ec91ec5252f4eeffdcf21053db9113bd0a8e4d953769c00"
            ],
            "index": "pypi",
            "version": "==0.5.5"
        },
        "gunicorn": {
            "hashes": [
                "sha256:aa8e0b40b4157b36a5df5e599f45c9c76d6af43845ba3b3b0efe2c70473c2471",
                "sha256:fa2662097c66f920f53f70621c6c58ca4a3c4d3434205e608e121b5b3b71f4f3"
            ],
            "index": "pypi",
            "version": "==19.9.0"
        },
        "idna": {
            "hashes": [
                "sha256:c357b3f628cf53ae2c4c05627ecc484553142ca23264e593d327bcde5e9c3407",
                "sha256:ea8b7f6188e6fa117537c3df7da9fc686d485087abf6ac197f9c46432f7e4a3c"
            ],
            "version": "==2.8"
        },
        "influxdb": {
            "hashes": [
                "sha256:98ef84817d8993d9c826aa76cf7254b4ce616f3b14c1f98a705370fd5cbaa509",
                "sha256:afeff28953a91b4ea1aebf9b5b8258a4488d0e49e2471db15ea43fd2c8533143"
            ],
            "index": "pypi",
            "version": "==5.2.2"
        },
        "packaging": {
            "hashes": [
                "sha256:0c98a5d0be38ed775798ece1b9727178c4469d9c3b4ada66e8e6b7849f8732af",
                "sha256:9e1cbf8c12b1f1ce0bb5344b8d7ecf66a6f8a6e91bcb0c84593ed6d3ab5c4ab3"
            ],
            "index": "pypi",
            "version": "==19.0"
        },
        "psutil": {
            "hashes": [
                "sha256:206eb909aa8878101d0eca07f4b31889c748f34ed6820a12eb3168c7aa17478e",
                "sha256:649f7ffc02114dced8fbd08afcd021af75f5f5b2311bc0e69e53e8f100fe296f",
                "sha256:6ebf2b9c996bb8c7198b385bade468ac8068ad8b78c54a58ff288cd5f61992c7",
                "sha256:753c5988edc07da00dafd6d3d279d41f98c62cd4d3a548c4d05741a023b0c2e7",
                "sha256:76fb0956d6d50e68e3f22e7cc983acf4e243dc0fcc32fd693d398cb21c928802",
                "sha256:828e1c3ca6756c54ac00f1427fdac8b12e21b8a068c3bb9b631a1734cada25ed",
                "sha256:a4c62319ec6bf2b3570487dd72d471307ae5495ce3802c1be81b8a22e438b4bc",
                "sha256:acba1df9da3983ec3c9c963adaaf530fcb4be0cd400a8294f1ecc2db56499ddd",
                "sha256:ef342cb7d9b60e6100364f50c57fa3a77d02ff8665d5b956746ac01901247ac4"
            ],
            "index": "pypi",
            "version": "==5.6.2"
        },
        "pyparsing": {
            "hashes": [
                "sha256:20f995ecd72f2a1f4bf6b072b63b22e2eb457836601e76d6e5dfcd75436acc1f",
                "sha256:4ca62001be367f01bd3e92ecbb79070272a9d4964dce6a48a82ff0b8bc7e683a"
            ],
            "version": "==2.4.5"
        },
        "python-dateutil": {
            "hashes": [
                "sha256:73ebfe9dbf22e832286dafa60473e4cd239f8592f699aa5adaf10050e6e1823c",
                "sha256:75bb3f31ea686f1197762692a9ee6a7550b59fc6ca3a1f4b5d7e32fb98e2da2a"
            ],
            "version": "==2.8.1"
        },
        "pytz": {
            "hashes": [
                "sha256:1c557d7d0e871de1f5ccd5833f60fb2550652da6be2693c1e02300743d21500d",
                "sha256:b02c06db6cf09c12dd25137e563b31700d3b80fcc4ad23abb7a315f2789819be"
            ],
            "version": "==2019.3"
        },
        "raven": {
            "hashes": [
                "sha256:3fa6de6efa2493a7c827472e984ce9b020797d0da16f1db67197bcc23c8fae54",
                "sha256:44a13f87670836e153951af9a3c80405d36b43097db869a36e92809673692ce4"
            ],
            "index": "pypi",
            "version": "==6.10.0"
        },
        "requests": {
            "hashes": [
                "sha256:11e007a8a2aa0323f5a921e9e6a2d7e4e67d9877e85773fba9ba6419025cbeb4",
                "sha256:9cf5292fcd0f598c671cfc1e0d7d1a7f13bb8085e9a590f48c010551dc6c4b31"
            ],
            "index": "pypi",
            "version": "==2.22.0"
        },
        "six": {
            "hashes": [
                "sha256:1f1b7d42e254082a9db6279deae68afb421ceba6158efa6131de7b3003ee93fd",
                "sha256:30f610279e8b2578cab6db20741130331735c781b56053c59c4076da27f06b66"
            ],
            "version": "==1.13.0"
        },
        "urllib3": {
            "hashes": [
                "sha256:a8a318824cc77d1fd4b2bec2ded92646630d7fe8619497b142c84a9e6f5a7293",
                "sha256:f3c5fd51747d450d4dcf6f923c81f78f811aab8205fda64b0aba34a4e48b0745"
            ],
            "version": "==1.25.7"
        }
    },
    "develop": {
        "coverage": {
            "hashes": [
                "sha256:0101888bd1592a20ccadae081ba10e8b204d20235d18d05c6f7d5e904a38fc10",
                "sha256:04b961862334687549eb91cd5178a6fbe977ad365bddc7c60f2227f2f9880cf4",
                "sha256:1ca43dbd739c0fc30b0a3637a003a0d2c7edc1dd618359d58cc1e211742f8bd1",
                "sha256:1cbb88b34187bdb841f2599770b7e6ff8e259dc3bb64fc7893acf44998acf5f8",
                "sha256:232f0b52a5b978288f0bbc282a6c03fe48cd19a04202df44309919c142b3bb9c",
                "sha256:24bcfa86fd9ce86b73a8368383c39d919c497a06eebb888b6f0c12f13e920b1a",
                "sha256:25b8f60b5c7da71e64c18888f3067d5b6f1334b9681876b2fb41eea26de881ae",
                "sha256:2714160a63da18aed9340c70ed514973971ee7e665e6b336917ff4cca81a25b1",
                "sha256:2ca2cd5264e84b2cafc73f0045437f70c6378c0d7dbcddc9ee3fe192c1e29e5d",
                "sha256:2cc707fc9aad2592fc686d63ef72dc0031fc98b6fb921d2f5395d9ab84fbc3ef",
                "sha256:348630edea485f4228233c2f310a598abf8afa5f8c716c02a9698089687b6085",
                "sha256:40fbfd6b044c9db13aeec1daf5887d322c710d811f944011757526ef6e323fd9",
                "sha256:46c9c6a1d1190c0b75ec7c0f339088309952b82ae8d67a79ff1319eb4e749b96",
                "sha256:591506e088901bdc25620c37aec885e82cc896528f28c57e113751e3471fc314",
                "sha256:5ac71bba1e07eab403b082c4428f868c1c9e26a21041436b4905c4c3d4e49b08",
                "sha256:5f622f19abda4e934938e24f1d67599249abc201844933a6f01aaa8663094489",
                "sha256:65bead1ac8c8930cf92a1ccaedcce19a57298547d5d1db5c9d4d068a0675c38b",
                "sha256:7362a7f829feda10c7265b553455de596b83d1623b3d436b6d3c51c688c57bf6",
                "sha256:7f2675750c50151f806070ec11258edf4c328340916c53bac0adbc465abd6b1e",
                "sha256:960d7f42277391e8b1c0b0ae427a214e1b31a1278de6b73f8807b20c2e913bba",
                "sha256:a50b0888d8a021a3342d36a6086501e30de7d840ab68fca44913e97d14487dc1",
                "sha256:b7dbc5e8c39ea3ad3db22715f1b5401cd698a621218680c6daf42c2f9d36e205",
                "sha256:bb3d29df5d07d5399d58a394d0ef50adf303ab4fbf66dfd25b9ef258effcb692",
                "sha256:c0fff2733f7c2950f58a4fd09b5db257b00c6fec57bf3f68c5bae004d804b407",
                "sha256:c792d3707a86c01c02607ae74364854220fb3e82735f631cd0a345dea6b4cee5",
                "sha256:c90bda74e16bcd03861b09b1d37c0a4158feda5d5a036bb2d6e58de6ff65793e",
                "sha256:cfce79ce41cc1a1dc7fc85bb41eeeb32d34a4cf39a645c717c0550287e30ff06",
                "sha256:eeafb646f374988c22c8e6da5ab9fb81367ecfe81c70c292623373d2a021b1a1",
                "sha256:f425f50a6dd807cb9043d15a4fcfba3b5874a54d9587ccbb748899f70dc18c47",
                "sha256:fcd4459fe35a400b8f416bc57906862693c9f88b66dc925e7f2a933e77f6b18b",
                "sha256:ff3936dd5feaefb4f91c8c1f50a06c588b5dc69fba4f7d9c79a6617ad80bb7df"
            ],
            "index": "pypi",
            "version": "==5.0.1"
        },
        "funcsigs": {
            "hashes": [
                "sha256:330cc27ccbf7f1e992e69fef78261dc7c6569012cf397db8d3de0234e6c937ca",
                "sha256:a7bb0f2cf3a3fd1ab2732cb49eba4252c2af4240442415b4abce3b87022a8f50"
            ],
            "index": "pypi",
            "version": "==1.0.2"
        },
        "mock": {
            "hashes": [
                "sha256:83657d894c90d5681d62155c82bda9c1187827525880eda8ff5df4ec813437c3",
                "sha256:d157e52d4e5b938c550f39eb2fd15610db062441a9c2747d3dbfa9298211d0f8"
            ],
            "index": "pypi",
            "version": "==3.0.5"
        },
        "six": {
            "hashes": [
                "sha256:1f1b7d42e254082a9db6279deae68afb421ceba6158efa6131de7b3003ee93fd",
                "sha256:30f610279e8b2578cab6db20741130331735c781b56053c59c4076da27f06b66"
            ],
            "version": "==1.13.0"
        }
    }
}
